
Microsoft Visual Studio Solution File, Format Version 12.00
# Visual Studio 14
VisualStudioVersion = 14.0.24720.0
MinimumVisualStudioVersion = 10.0.40219.1
Project("{FAE04EC0-301F-11D3-BF4B-00C04F79EFBC}") = "SocialCooking.Web", "SocialCooking\SocialCooking.Web.csproj", "{13212125-B977-418A-8C19-D5379DCA0F8C}"
EndProject
Project("{FAE04EC0-301F-11D3-BF4B-00C04F79EFBC}") = "SocialCooking.Domain", "SocialCooking.Domain\SocialCooking.Domain.csproj", "{10139B00-9EB5-415F-8114-00EE9FAC7C91}"
EndProject
Project("{FAE04EC0-301F-11D3-BF4B-00C04F79EFBC}") = "SocialCooking.API", "SocialCooking.API\SocialCooking.API.csproj", "{C0C9E292-070A-468E-A441-5ED41595E244}"
EndProject
Global
	GlobalSection(SolutionConfigurationPlatforms) = preSolution
		Debug|Any CPU = Debug|Any CPU
		Release|Any CPU = Release|Any CPU
	EndGlobalSection
	GlobalSection(ProjectConfigurationPlatforms) = postSolution
		{13212125-B977-418A-8C19-D5379DCA0F8C}.Debug|Any CPU.ActiveCfg = Debug|Any CPU
		{13212125-B977-418A-8C19-D5379DCA0F8C}.Debug|Any CPU.Build.0 = Debug|Any CPU
		{13212125-B977-418A-8C19-D5379DCA0F8C}.Release|Any CPU.ActiveCfg = Release|Any CPU
		{13212125-B977-418A-8C19-D5379DCA0F8C}.Release|Any CPU.Build.0 = Release|Any CPU
		{10139B00-9EB5-415F-8114-00EE9FAC7C91}.Debug|Any CPU.ActiveCfg = Debug|Any CPU
		{10139B00-9EB5-415F-8114-00EE9FAC7C91}.Debug|Any CPU.Build.0 = Debug|Any CPU
		{10139B00-9EB5-415F-8114-00EE9FAC7C91}.Release|Any CPU.ActiveCfg = Release|Any CPU
		{10139B00-9EB5-415F-8114-00EE9FAC7C91}.Release|Any CPU.Build.0 = Release|Any CPU
		{C0C9E292-070A-468E-A441-5ED41595E244}.Debug|Any CPU.ActiveCfg = Debug|Any CPU
		{C0C9E292-070A-468E-A441-5ED41595E244}.Debug|Any CPU.Build.0 = Debug|Any CPU
		{C0C9E292-070A-468E-A441-5ED41595E244}.Release|Any CPU.ActiveCfg = Release|Any CPU
		{C0C9E292-070A-468E-A441-5ED41595E244}.Release|Any CPU.Build.0 = Release|Any CPU
	EndGlobalSection
	GlobalSection(SolutionProperties) = preSolution
		HideSolutionNode = FALSE
	EndGlobalSection
EndGlobal
